
Microsoft Visual Studio Solution File, Format Version 12.00
# Visual Studio Version 17
VisualStudioVersion = 17.6.33829.357
MinimumVisualStudioVersion = 10.0.40219.1
Project("{FAE04EC0-301F-11D3-BF4B-00C04F79EFBC}") = "Lommeregner", "Lommeregner.csproj", "{E2D60844-F4F5-4F11-85DB-727C56E7ED04}"
EndProject
Global
	GlobalSection(SolutionConfigurationPlatforms) = preSolution
		Debug|Any CPU = Debug|Any CPU
		Release|Any CPU = Release|Any CPU
	EndGlobalSection
	GlobalSection(ProjectConfigurationPlatforms) = postSolution
		{E2D60844-F4F5-4F11-85DB-727C56E7ED04}.Debug|Any CPU.ActiveCfg = Debug|Any CPU
		{E2D60844-F4F5-4F11-85DB-727C56E7ED04}.Debug|Any CPU.Build.0 = Debug|Any CPU
		{E2D60844-F4F5-4F11-85DB-727C56E7ED04}.Release|Any CPU.ActiveCfg = Release|Any CPU
		{E2D60844-F4F5-4F11-85DB-727C56E7ED04}.Release|Any CPU.Build.0 = Release|Any CPU
	EndGlobalSection
	GlobalSection(SolutionProperties) = preSolution
		HideSolutionNode = FALSE
	EndGlobalSection
	GlobalSection(ExtensibilityGlobals) = postSolution
		SolutionGuid = {195C8FF1-D93A-4520-A48E-25A3D3C83ADC}
	EndGlobalSection
EndGlobal
